
Microsoft Visual Studio Solution File, Format Version 12.00
# Visual Studio Version 17
VisualStudioVersion = 17.11.35303.130
MinimumVisualStudioVersion = 10.0.40219.1
Project("{FAE04EC0-301F-11D3-BF4B-00C04F79EFBC}") = "Primenumber with intervalls", "Primenumber with intervalls.csproj", "{04C22BAA-B1E3-468F-98BB-471A2239B646}"
EndProject
Global
	GlobalSection(SolutionConfigurationPlatforms) = preSolution
		Debug|Any CPU = Debug|Any CPU
		Release|Any CPU = Release|Any CPU
	EndGlobalSection
	GlobalSection(ProjectConfigurationPlatforms) = postSolution
		{04C22BAA-B1E3-468F-98BB-471A2239B646}.Debug|Any CPU.ActiveCfg = Debug|Any CPU
		{04C22BAA-B1E3-468F-98BB-471A2239B646}.Debug|Any CPU.Build.0 = Debug|Any CPU
		{04C22BAA-B1E3-468F-98BB-471A2239B646}.Release|Any CPU.ActiveCfg = Release|Any CPU
		{04C22BAA-B1E3-468F-98BB-471A2239B646}.Release|Any CPU.Build.0 = Release|Any CPU
	EndGlobalSection
	GlobalSection(SolutionProperties) = preSolution
		HideSolutionNode = FALSE
	EndGlobalSection
	GlobalSection(ExtensibilityGlobals) = postSolution
		SolutionGuid = {B5833856-8BC2-4E87-AAB8-B65779CD3AED}
	EndGlobalSection
EndGlobal
